
Microsoft Visual Studio Solution File, Format Version 12.00
# Visual Studio 15
VisualStudioVersion = 15.0.27130.2010
MinimumVisualStudioVersion = 10.0.40219.1
Project("{9A19103F-16F7-4668-BE54-9A1E7A4F7556}") = "UNICA.Picture.Crawler.Web", "src\UNICA.Picture.Crawler.Web\UNICA.Picture.Crawler.Web.csproj", "{B30EDDF3-C588-47D3-86AF-29906FD1F443}"
EndProject
Global
	GlobalSection(SolutionConfigurationPlatforms) = preSolution
		Debug|Any CPU = Debug|Any CPU
		Release|Any CPU = Release|Any CPU
	EndGlobalSection
	GlobalSection(ProjectConfigurationPlatforms) = postSolution
		{B30EDDF3-C588-47D3-86AF-29906FD1F443}.Debug|Any CPU.ActiveCfg = Debug|Any CPU
		{B30EDDF3-C588-47D3-86AF-29906FD1F443}.Debug|Any CPU.Build.0 = Debug|Any CPU
		{B30EDDF3-C588-47D3-86AF-29906FD1F443}.Release|Any CPU.ActiveCfg = Release|Any CPU
		{B30EDDF3-C588-47D3-86AF-29906FD1F443}.Release|Any CPU.Build.0 = Release|Any CPU
	EndGlobalSection
	GlobalSection(SolutionProperties) = preSolution
		HideSolutionNode = FALSE
	EndGlobalSection
	GlobalSection(ExtensibilityGlobals) = postSolution
		SolutionGuid = {F91AD79A-A66E-4895-AE68-B7697055A713}
	EndGlobalSection
EndGlobal
